
Microsoft Visual Studio Solution File, Format Version 12.00
# Visual Studio Version 16
VisualStudioVersion = 16.0.31702.278
MinimumVisualStudioVersion = 10.0.40219.1
Project("{FAE04EC0-301F-11D3-BF4B-00C04F79EFBC}") = "Jira", "Jira.csproj", "{92696838-8E02-4BE5-9268-3E019C94158B}"
EndProject
Project("{FAE04EC0-301F-11D3-BF4B-00C04F79EFBC}") = "JiraTests", "..\JiraTests\JiraTests.csproj", "{033E0D22-20CB-47CB-8240-33A7C57EC6E3}"
EndProject
Global
	GlobalSection(SolutionConfigurationPlatforms) = preSolution
		Debug|Any CPU = Debug|Any CPU
		Release|Any CPU = Release|Any CPU
	EndGlobalSection
	GlobalSection(ProjectConfigurationPlatforms) = postSolution
		{92696838-8E02-4BE5-9268-3E019C94158B}.Debug|Any CPU.ActiveCfg = Debug|Any CPU
		{92696838-8E02-4BE5-9268-3E019C94158B}.Debug|Any CPU.Build.0 = Debug|Any CPU
		{92696838-8E02-4BE5-9268-3E019C94158B}.Release|Any CPU.ActiveCfg = Release|Any CPU
		{92696838-8E02-4BE5-9268-3E019C94158B}.Release|Any CPU.Build.0 = Release|Any CPU
		{033E0D22-20CB-47CB-8240-33A7C57EC6E3}.Debug|Any CPU.ActiveCfg = Debug|Any CPU
		{033E0D22-20CB-47CB-8240-33A7C57EC6E3}.Debug|Any CPU.Build.0 = Debug|Any CPU
		{033E0D22-20CB-47CB-8240-33A7C57EC6E3}.Release|Any CPU.ActiveCfg = Release|Any CPU
		{033E0D22-20CB-47CB-8240-33A7C57EC6E3}.Release|Any CPU.Build.0 = Release|Any CPU
	EndGlobalSection
	GlobalSection(SolutionProperties) = preSolution
		HideSolutionNode = FALSE
	EndGlobalSection
	GlobalSection(ExtensibilityGlobals) = postSolution
		SolutionGuid = {08C5119D-D227-417E-9534-005C890B7B49}
	EndGlobalSection
EndGlobal
